
Microsoft Visual Studio Solution File, Format Version 12.00
# Visual Studio 14
VisualStudioVersion = 14.0.24720.0
MinimumVisualStudioVersion = 10.0.40219.1
Project("{FAE04EC0-301F-11D3-BF4B-00C04F79EFBC}") = "TplExamples", "TplExamples\TplExamples.csproj", "{D784181E-26AF-45F9-BE91-A1C5E64673D9}"
EndProject
Project("{FAE04EC0-301F-11D3-BF4B-00C04F79EFBC}") = "TplExamples.Library", "TplExamples.Library\TplExamples.Library.csproj", "{98DD73D1-A70B-4B64-A9B1-1341FAE2655D}"
EndProject
Project("{FAE04EC0-301F-11D3-BF4B-00C04F79EFBC}") = "TplExamples.Console", "TplExamples.Console\TplExamples.Console.csproj", "{EB4717B4-E0C1-4773-AD29-BCF916DF5CDB}"
EndProject
Global
	GlobalSection(SolutionConfigurationPlatforms) = preSolution
		Debug|Any CPU = Debug|Any CPU
		Release|Any CPU = Release|Any CPU
	EndGlobalSection
	GlobalSection(ProjectConfigurationPlatforms) = postSolution
		{D784181E-26AF-45F9-BE91-A1C5E64673D9}.Debug|Any CPU.ActiveCfg = Debug|Any CPU
		{D784181E-26AF-45F9-BE91-A1C5E64673D9}.Debug|Any CPU.Build.0 = Debug|Any CPU
		{D784181E-26AF-45F9-BE91-A1C5E64673D9}.Release|Any CPU.ActiveCfg = Release|Any CPU
		{D784181E-26AF-45F9-BE91-A1C5E64673D9}.Release|Any CPU.Build.0 = Release|Any CPU
		{98DD73D1-A70B-4B64-A9B1-1341FAE2655D}.Debug|Any CPU.ActiveCfg = Debug|Any CPU
		{98DD73D1-A70B-4B64-A9B1-1341FAE2655D}.Debug|Any CPU.Build.0 = Debug|Any CPU
		{98DD73D1-A70B-4B64-A9B1-1341FAE2655D}.Release|Any CPU.ActiveCfg = Release|Any CPU
		{98DD73D1-A70B-4B64-A9B1-1341FAE2655D}.Release|Any CPU.Build.0 = Release|Any CPU
		{EB4717B4-E0C1-4773-AD29-BCF916DF5CDB}.Debug|Any CPU.ActiveCfg = Debug|Any CPU
		{EB4717B4-E0C1-4773-AD29-BCF916DF5CDB}.Debug|Any CPU.Build.0 = Debug|Any CPU
		{EB4717B4-E0C1-4773-AD29-BCF916DF5CDB}.Release|Any CPU.ActiveCfg = Release|Any CPU
		{EB4717B4-E0C1-4773-AD29-BCF916DF5CDB}.Release|Any CPU.Build.0 = Release|Any CPU
	EndGlobalSection
	GlobalSection(SolutionProperties) = preSolution
		HideSolutionNode = FALSE
	EndGlobalSection
EndGlobal
